{
  "name": "ffmpeg-async",
  "version": "1.0.0",
  "lockfileVersion": 1,
  "requires": true,
  "dependencies": {
    "ffprobe-async": {
      "version": "1.0.4",
      "resolved": "https://registry.npmjs.org/ffprobe-async/-/ffprobe-async-1.0.4.tgz",
      "integrity": "sha512-q6BPLnKtLfhRcF0i89dz4DWS5jnrWnpJLzNaBaZ/NJPzH5n5RDAGjbQBd50TwSFkKLiPiR55h2oIN9XtpD7kOA==",
      "requires": {
        "linux-commands-async": "1.0.0"
      }
    },
    "linux-commands-async": {
      "version": "1.0.0",
      "resolved": "https://registry.npmjs.org/linux-commands-async/-/linux-commands-async-1.0.0.tgz",
      "integrity": "sha512-RF/X9BV1zKEq1f/B3VPkNznC2YF5EPDpSoOddBOYsmN/u03swwxEIjIyUgLxrnHXWnGV8s9WMRwlD9fFT83loQ=="
    }
  }
}
